
Microsoft Visual Studio Solution File, Format Version 12.00
# Visual Studio Version 16
VisualStudioVersion = 16.0.29728.190
MinimumVisualStudioVersion = 10.0.40219.1
Project("{FAE04EC0-301F-11D3-BF4B-00C04F79EFBC}") = "Encapsulation", "OOPS_Concept\Encapsulation.csproj", "{58F11B90-3032-43BF-A0F7-357F8954373C}"
EndProject
Project("{FAE04EC0-301F-11D3-BF4B-00C04F79EFBC}") = "Inheritance", "Inheritance\Inheritance.csproj", "{F449AC0D-49CA-4F74-A608-6ED9D0936139}"
EndProject
Project("{FAE04EC0-301F-11D3-BF4B-00C04F79EFBC}") = "Composition", "Composition\Composition.csproj", "{56EB523F-BCBF-4B52-A774-4EBB2D262230}"
EndProject
Project("{FAE04EC0-301F-11D3-BF4B-00C04F79EFBC}") = "Abstraction", "Abstraction\Abstraction.csproj", "{C66AEB04-B7C4-4BC6-AEEC-050969161A46}"
EndProject
Project("{FAE04EC0-301F-11D3-BF4B-00C04F79EFBC}") = "Generics", "Generics\Generics.csproj", "{26EFDB9A-5F4C-4BA3-A1B5-B0758935FA46}"
EndProject
Project("{FAE04EC0-301F-11D3-BF4B-00C04F79EFBC}") = "Delegates", "Delegates\Delegates.csproj", "{7EAC34DF-DA69-43D8-ACF5-72B2C7F71FB6}"
EndProject
Global
	GlobalSection(SolutionConfigurationPlatforms) = preSolution
		Debug|Any CPU = Debug|Any CPU
		Release|Any CPU = Release|Any CPU
	EndGlobalSection
	GlobalSection(ProjectConfigurationPlatforms) = postSolution
		{58F11B90-3032-43BF-A0F7-357F8954373C}.Debug|Any CPU.ActiveCfg = Debug|Any CPU
		{58F11B90-3032-43BF-A0F7-357F8954373C}.Debug|Any CPU.Build.0 = Debug|Any CPU
		{58F11B90-3032-43BF-A0F7-357F8954373C}.Release|Any CPU.ActiveCfg = Release|Any CPU
		{58F11B90-3032-43BF-A0F7-357F8954373C}.Release|Any CPU.Build.0 = Release|Any CPU
		{F449AC0D-49CA-4F74-A608-6ED9D0936139}.Debug|Any CPU.ActiveCfg = Debug|Any CPU
		{F449AC0D-49CA-4F74-A608-6ED9D0936139}.Debug|Any CPU.Build.0 = Debug|Any CPU
		{F449AC0D-49CA-4F74-A608-6ED9D0936139}.Release|Any CPU.ActiveCfg = Release|Any CPU
		{F449AC0D-49CA-4F74-A608-6ED9D0936139}.Release|Any CPU.Build.0 = Release|Any CPU
		{56EB523F-BCBF-4B52-A774-4EBB2D262230}.Debug|Any CPU.ActiveCfg = Debug|Any CPU
		{56EB523F-BCBF-4B52-A774-4EBB2D262230}.Debug|Any CPU.Build.0 = Debug|Any CPU
		{56EB523F-BCBF-4B52-A774-4EBB2D262230}.Release|Any CPU.ActiveCfg = Release|Any CPU
		{56EB523F-BCBF-4B52-A774-4EBB2D262230}.Release|Any CPU.Build.0 = Release|Any CPU
		{C66AEB04-B7C4-4BC6-AEEC-050969161A46}.Debug|Any CPU.ActiveCfg = Debug|Any CPU
		{C66AEB04-B7C4-4BC6-AEEC-050969161A46}.Debug|Any CPU.Build.0 = Debug|Any CPU
		{C66AEB04-B7C4-4BC6-AEEC-050969161A46}.Release|Any CPU.ActiveCfg = Release|Any CPU
		{C66AEB04-B7C4-4BC6-AEEC-050969161A46}.Release|Any CPU.Build.0 = Release|Any CPU
		{26EFDB9A-5F4C-4BA3-A1B5-B0758935FA46}.Debug|Any CPU.ActiveCfg = Debug|Any CPU
		{26EFDB9A-5F4C-4BA3-A1B5-B0758935FA46}.Debug|Any CPU.Build.0 = Debug|Any CPU
		{26EFDB9A-5F4C-4BA3-A1B5-B0758935FA46}.Release|Any CPU.ActiveCfg = Release|Any CPU
		{26EFDB9A-5F4C-4BA3-A1B5-B0758935FA46}.Release|Any CPU.Build.0 = Release|Any CPU
		{7EAC34DF-DA69-43D8-ACF5-72B2C7F71FB6}.Debug|Any CPU.ActiveCfg = Debug|Any CPU
		{7EAC34DF-DA69-43D8-ACF5-72B2C7F71FB6}.Debug|Any CPU.Build.0 = Debug|Any CPU
		{7EAC34DF-DA69-43D8-ACF5-72B2C7F71FB6}.Release|Any CPU.ActiveCfg = Release|Any CPU
		{7EAC34DF-DA69-43D8-ACF5-72B2C7F71FB6}.Release|Any CPU.Build.0 = Release|Any CPU
	EndGlobalSection
	GlobalSection(SolutionProperties) = preSolution
		HideSolutionNode = FALSE
	EndGlobalSection
	GlobalSection(ExtensibilityGlobals) = postSolution
		SolutionGuid = {A70A1556-10FD-4236-9431-A1CE92088D6D}
	EndGlobalSection
EndGlobal
